// !$*UTF8*$!
{
	archiveVersion = 1;
	classes = {
	};
	objectVersion = 50;
	objects = {

/* Begin PBXBuildFile section */
		1A89B4F8247E9B6600941A3D /* AppDelegate.swift in Sources */ = {isa = PBXBuildFile; fileRef = 1A89B4F7247E9B6600941A3D /* AppDelegate.swift */; };
		1A89B4FA247E9B6600941A3D /* SceneDelegate.swift in Sources */ = {isa = PBXBuildFile; fileRef = 1A89B4F9247E9B6600941A3D /* SceneDelegate.swift */; };
		1A89B4FC247E9B6600941A3D /* ContentView.swift in Sources */ = {isa = PBXBuildFile; fileRef = 1A89B4FB247E9B6600941A3D /* ContentView.swift */; };
		1A89B4FE247E9B6700941A3D /* Assets.xcassets in Resources */ = {isa = PBXBuildFile; fileRef = 1A89B4FD247E9B6700941A3D /* Assets.xcassets */; };
		1A89B501247E9B6700941A3D /* Preview Assets.xcassets in Resources */ = {isa = PBXBuildFile; fileRef = 1A89B500247E9B6700941A3D /* Preview Assets.xcassets */; };
		1A89B504247E9B6700941A3D /* LaunchScreen.storyboard in Resources */ = {isa = PBXBuildFile; fileRef = 1A89B502247E9B6700941A3D /* LaunchScreen.storyboard */; };
		1A89B50C247E9E9A00941A3D /* HomeView.swift in Sources */ = {isa = PBXBuildFile; fileRef = 1A89B50B247E9E9A00941A3D /* HomeView.swift */; };
		1A89B50E247E9EC900941A3D /* NavigationBar.swift in Sources */ = {isa = PBXBuildFile; fileRef = 1A89B50D247E9EC900941A3D /* NavigationBar.swift */; };
		1A89B510247EA33E00941A3D /* CustomSegmentControl.swift in Sources */ = {isa = PBXBuildFile; fileRef = 1A89B50F247EA33E00941A3D /* CustomSegmentControl.swift */; };
		1A89B512247EBBB600941A3D /* ListView.swift in Sources */ = {isa = PBXBuildFile; fileRef = 1A89B511247EBBB600941A3D /* ListView.swift */; };
		1A89B514247ECEEF00941A3D /* ChatView.swift in Sources */ = {isa = PBXBuildFile; fileRef = 1A89B513247ECEEF00941A3D /* ChatView.swift */; };
		1A89B516247ECEFB00941A3D /* StatusView.swift in Sources */ = {isa = PBXBuildFile; fileRef = 1A89B515247ECEFB00941A3D /* StatusView.swift */; };
/* End PBXBuildFile section */

/* Begin PBXFileReference section */
		1A89B4F4247E9B6600941A3D /* CustomNavBar_SegmentContol.app */ = {isa = PBXFileReference; explicitFileType = wrapper.application; includeInIndex = 0; path = CustomNavBar_SegmentContol.app; sourceTree = BUILT_PRODUCTS_DIR; };
		1A89B4F7247E9B6600941A3D /* AppDelegate.swift */ = {isa = PBXFileReference; lastKnownFileType = sourcecode.swift; path = AppDelegate.swift; sourceTree = "<group>"; };
		1A89B4F9247E9B6600941A3D /* SceneDelegate.swift */ = {isa = PBXFileReference; lastKnownFileType = sourcecode.swift; path = SceneDelegate.swift; sourceTree = "<group>"; };
		1A89B4FB247E9B6600941A3D /* ContentView.swift */ = {isa = PBXFileReference; lastKnownFileType = sourcecode.swift; path = ContentView.swift; sourceTree = "<group>"; };
		1A89B4FD247E9B6700941A3D /* Assets.xcassets */ = {isa = PBXFileReference; lastKnownFileType = folder.assetcatalog; path = Assets.xcassets; sourceTree = "<group>"; };
		1A89B500247E9B6700941A3D /* Preview Assets.xcassets */ = {isa = PBXFileReference; lastKnownFileType = folder.assetcatalog; path = "Preview Assets.xcassets"; sourceTree = "<group>"; };
		1A89B503247E9B6700941A3D /* Base */ = {isa = PBXFileReference; lastKnownFileType = file.storyboard; name = Base; path = Base.lproj/LaunchScreen.storyboard; sourceTree = "<group>"; };
		1A89B505247E9B6700941A3D /* Info.plist */ = {isa = PBXFileReference; lastKnownFileType = text.plist.xml; path = Info.plist; sourceTree = "<group>"; };
		1A89B50B247E9E9A00941A3D /* HomeView.swift */ = {isa = PBXFileReference; lastKnownFileType = sourcecode.swift; path = HomeView.swift; sourceTree = "<group>"; };
		1A89B50D247E9EC900941A3D /* NavigationBar.swift */ = {isa = PBXFileReference; lastKnownFileType = sourcecode.swift; path = NavigationBar.swift; sourceTree = "<group>"; };
		1A89B50F247EA33E00941A3D /* CustomSegmentControl.swift */ = {isa = PBXFileReference; lastKnownFileType = sourcecode.swift; path = CustomSegmentControl.swift; sourceTree = "<group>"; };
		1A89B511247EBBB600941A3D /* ListView.swift */ = {isa = PBXFileReference; lastKnownFileType = sourcecode.swift; path = ListView.swift; sourceTree = "<group>"; };
		1A89B513247ECEEF00941A3D /* ChatView.swift */ = {isa = PBXFileReference; lastKnownFileType = sourcecode.swift; path = ChatView.swift; sourceTree = "<group>"; };
		1A89B515247ECEFB00941A3D /* StatusView.swift */ = {isa = PBXFileReference; lastKnownFileType = sourcecode.swift; path = StatusView.swift; sourceTree = "<group>"; };
/* End PBXFileReference section */

/* Begin PBXFrameworksBuildPhase section */
		1A89B4F1247E9B6600941A3D /* Frameworks */ = {
			isa = PBXFrameworksBuildPhase;
			buildActionMask = 2147483647;
			files = (
			);
			runOnlyForDeploymentPostprocessing = 0;
		};
/* End PBXFrameworksBuildPhase section */

/* Begin PBXGroup section */
		1A89B4EB247E9B6600941A3D = {
			isa = PBXGroup;
			children = (
				1A89B4F6247E9B6600941A3D /* CustomNavBar_SegmentContol */,
				1A89B4F5247E9B6600941A3D /* Products */,
			);
			sourceTree = "<group>";
		};
		1A89B4F5247E9B6600941A3D /* Products */ = {
			isa = PBXGroup;
			children = (
				1A89B4F4247E9B6600941A3D /* CustomNavBar_SegmentContol.app */,
			);
			name = Products;
			sourceTree = "<group>";
		};
		1A89B4F6247E9B6600941A3D /* CustomNavBar_SegmentContol */ = {
			isa = PBXGroup;
			children = (
				1A89B4F7247E9B6600941A3D /* AppDelegate.swift */,
				1A89B4F9247E9B6600941A3D /* SceneDelegate.swift */,
				1A89B4FB247E9B6600941A3D /* ContentView.swift */,
				1A89B4FD247E9B6700941A3D /* Assets.xcassets */,
				1A89B502247E9B6700941A3D /* LaunchScreen.storyboard */,
				1A89B505247E9B6700941A3D /* Info.plist */,
				1A89B4FF247E9B6700941A3D /* Preview Content */,
				1A89B50B247E9E9A00941A3D /* HomeView.swift */,
				1A89B513247ECEEF00941A3D /* ChatView.swift */,
				1A89B515247ECEFB00941A3D /* StatusView.swift */,
				1A89B50D247E9EC900941A3D /* NavigationBar.swift */,
				1A89B50F247EA33E00941A3D /* CustomSegmentControl.swift */,
				1A89B511247EBBB600941A3D /* ListView.swift */,
			);
			path = CustomNavBar_SegmentContol;
			sourceTree = "<group>";
		};
		1A89B4FF247E9B6700941A3D /* Preview Content */ = {
			isa = PBXGroup;
			children = (
				1A89B500247E9B6700941A3D /* Preview Assets.xcassets */,
			);
			path = "Preview Content";
			sourceTree = "<group>";
		};
/* End PBXGroup section */

/* Begin PBXNativeTarget section */
		1A89B4F3247E9B6600941A3D /* CustomNavBar_SegmentContol */ = {
			isa = PBXNativeTarget;
			buildConfigurationList = 1A89B508247E9B6700941A3D /* Build configuration list for PBXNativeTarget "CustomNavBar_SegmentContol" */;
			buildPhases = (
				1A89B4F0247E9B6600941A3D /* Sources */,
				1A89B4F1247E9B6600941A3D /* Frameworks */,
				1A89B4F2247E9B6600941A3D /* Resources */,
			);
			buildRules = (
			);
			dependencies = (
			);
			name = CustomNavBar_SegmentContol;
			productName = CustomNavBar_SegmentContol;
			productReference = 1A89B4F4247E9B6600941A3D /* CustomNavBar_SegmentContol.app */;
			productType = "com.apple.product-type.application";
		};
/* End PBXNativeTarget section */

/* Begin PBXProject section */
		1A89B4EC247E9B6600941A3D /* Project object */ = {
			isa = PBXProject;
			attributes = {
				LastSwiftUpdateCheck = 1150;
				LastUpgradeCheck = 1150;
				ORGANIZATIONNAME = SegmentContol;
				TargetAttributes = {
					1A89B4F3247E9B6600941A3D = {
						CreatedOnToolsVersion = 11.5;
					};
				};
			};
			buildConfigurationList = 1A89B4EF247E9B6600941A3D /* Build configuration list for PBXProject "CustomNavBar_SegmentContol" */;
			compatibilityVersion = "Xcode 9.3";
			developmentRegion = en;
			hasScannedForEncodings = 0;
			knownRegions = (
				en,
				Base,
			);
			mainGroup = 1A89B4EB247E9B6600941A3D;
			productRefGroup = 1A89B4F5247E9B6600941A3D /* Products */;
			projectDirPath = "";
			projectRoot = "";
			targets = (
				1A89B4F3247E9B6600941A3D /* CustomNavBar_SegmentContol */,
			);
		};
/* End PBXProject section */

/* Begin PBXResourcesBuildPhase section */
		1A89B4F2247E9B6600941A3D /* Resources */ = {
			isa = PBXResourcesBuildPhase;
			buildActionMask = 2147483647;
			files = (
				1A89B504247E9B6700941A3D /* LaunchScreen.storyboard in Resources */,
				1A89B501247E9B6700941A3D /* Preview Assets.xcassets in Resources */,
				1A89B4FE247E9B6700941A3D /* Assets.xcassets in Resources */,
			);
			runOnlyForDeploymentPostprocessing = 0;
		};
/* End PBXResourcesBuildPhase section */

/* Begin PBXSourcesBuildPhase section */
		1A89B4F0247E9B6600941A3D /* Sources */ = {
			isa = PBXSourcesBuildPhase;
			buildActionMask = 2147483647;
			files = (
				1A89B510247EA33E00941A3D /* CustomSegmentControl.swift in Sources */,
				1A89B50E247E9EC900941A3D /* NavigationBar.swift in Sources */,
				1A89B516247ECEFB00941A3D /* StatusView.swift in Sources */,
				1A89B4F8247E9B6600941A3D /* AppDelegate.swift in Sources */,
				1A89B512247EBBB600941A3D /* ListView.swift in Sources */,
				1A89B514247ECEEF00941A3D /* ChatView.swift in Sources */,
				1A89B50C247E9E9A00941A3D /* HomeView.swift in Sources */,
				1A89B4FA247E9B6600941A3D /* SceneDelegate.swift in Sources */,
				1A89B4FC247E9B6600941A3D /* ContentView.swift in Sources */,
			);
			runOnlyForDeploymentPostprocessing = 0;
		};
/* End PBXSourcesBuildPhase section */

/* Begin PBXVariantGroup section */
		1A89B502247E9B6700941A3D /* LaunchScreen.storyboard */ = {
			isa = PBXVariantGroup;
			children = (
				1A89B503247E9B6700941A3D /* Base */,
			);
			name = LaunchScreen.storyboard;
			sourceTree = "<group>";
		};
/* End PBXVariantGroup section */

/* Begin XCBuildConfiguration section */
		1A89B506247E9B6700941A3D /* Debug */ = {
			isa = XCBuildConfiguration;
			buildSettings = {
				ALWAYS_SEARCH_USER_PATHS = NO;
				CLANG_ANALYZER_NONNULL = YES;
				CLANG_ANALYZER_NUMBER_OBJECT_CONVERSION = YES_AGGRESSIVE;
				CLANG_CXX_LANGUAGE_STANDARD = "gnu++14";
				CLANG_CXX_LIBRARY = "libc++";
				CLANG_ENABLE_MODULES = YES;
				CLANG_ENABLE_OBJC_ARC = YES;
				CLANG_ENABLE_OBJC_WEAK = YES;
				CLANG_WARN_BLOCK_CAPTURE_AUTORELEASING = YES;
				CLANG_WARN_BOOL_CONVERSION = YES;
				CLANG_WARN_COMMA = YES;
				CLANG_WARN_CONSTANT_CONVERSION = YES;
				CLANG_WARN_DEPRECATED_OBJC_IMPLEMENTATIONS = YES;
				CLANG_WARN_DIRECT_OBJC_ISA_USAGE = YES_ERROR;
				CLANG_WARN_DOCUMENTATION_COMMENTS = YES;
				CLANG_WARN_EMPTY_BODY = YES;
				CLANG_WARN_ENUM_CONVERSION = YES;
				CLANG_WARN_INFINITE_RECURSION = YES;
				CLANG_WARN_INT_CONVERSION = YES;
				CLANG_WARN_NON_LITERAL_NULL_CONVERSION = YES;
				CLANG_WARN_OBJC_IMPLICIT_RETAIN_SELF = YES;
				CLANG_WARN_OBJC_LITERAL_CONVERSION = YES;
				CLANG_WARN_OBJC_ROOT_CLASS = YES_ERROR;
				CLANG_WARN_RANGE_LOOP_ANALYSIS = YES;
				CLANG_WARN_STRICT_PROTOTYPES = YES;
				CLANG_WARN_SUSPICIOUS_MOVE = YES;
				CLANG_WARN_UNGUARDED_AVAILABILITY = YES_AGGRESSIVE;
				CLANG_WARN_UNREACHABLE_CODE = YES;
				CLANG_WARN__DUPLICATE_METHOD_MATCH = YES;
				COPY_PHASE_STRIP = NO;
				DEBUG_INFORMATION_FORMAT = dwarf;
				ENABLE_STRICT_OBJC_MSGSEND = YES;
				ENABLE_TESTABILITY = YES;
				GCC_C_LANGUAGE_STANDARD = gnu11;
				GCC_DYNAMIC_NO_PIC = NO;
				GCC_NO_COMMON_BLOCKS = YES;
				GCC_OPTIMIZATION_LEVEL = 0;
				GCC_PREPROCESSOR_DEFINITIONS = (
					"DEBUG=1",
					"$(inherited)",
				);
				GCC_WARN_64_TO_32_BIT_CONVERSION = YES;
				GCC_WARN_ABOUT_RETURN_TYPE = YES_ERROR;
				GCC_WARN_UNDECLARED_SELECTOR = YES;
				GCC_WARN_UNINITIALIZED_AUTOS = YES_AGGRESSIVE;
				GCC_WARN_UNUSED_FUNCTION = YES;
				GCC_WARN_UNUSED_VARIABLE = YES;
				IPHONEOS_DEPLOYMENT_TARGET = 13.5;
				MTL_ENABLE_DEBUG_INFO = INCLUDE_SOURCE;
				MTL_FAST_MATH = YES;
				ONLY_ACTIVE_ARCH = YES;
				SDKROOT = iphoneos;
				SWIFT_ACTIVE_COMPILATION_CONDITIONS = DEBUG;
				SWIFT_OPTIMIZATION_LEVEL = "-Onone";
			};
			name = Debug;
		};
		1A89B507247E9B6700941A3D /* Release */ = {
			isa = XCBuildConfiguration;
			buildSettings = {
				ALWAYS_SEARCH_USER_PATHS = NO;
				CLANG_ANALYZER_NONNULL = YES;
				CLANG_ANALYZER_NUMBER_OBJECT_CONVERSION = YES_AGGRESSIVE;
				CLANG_CXX_LANGUAGE_STANDARD = "gnu++14";
				CLANG_CXX_LIBRARY = "libc++";
				CLANG_ENABLE_MODULES = YES;
				CLANG_ENABLE_OBJC_ARC = YES;
				CLANG_ENABLE_OBJC_WEAK = YES;
				CLANG_WARN_BLOCK_CAPTURE_AUTORELEASING = YES;
				CLANG_WARN_BOOL_CONVERSION = YES;
				CLANG_WARN_COMMA = YES;
				CLANG_WARN_CONSTANT_CONVERSION = YES;
				CLANG_WARN_DEPRECATED_OBJC_IMPLEMENTATIONS = YES;
				CLANG_WARN_DIRECT_OBJC_ISA_USAGE = YES_ERROR;
				CLANG_WARN_DOCUMENTATION_COMMENTS = YES;
				CLANG_WARN_EMPTY_BODY = YES;
				CLANG_WARN_ENUM_CONVERSION = YES;
				CLANG_WARN_INFINITE_RECURSION = YES;
				CLANG_WARN_INT_CONVERSION = YES;
				CLANG_WARN_NON_LITERAL_NULL_CONVERSION = YES;
				CLANG_WARN_OBJC_IMPLICIT_RETAIN_SELF = YES;
				CLANG_WARN_OBJC_LITERAL_CONVERSION = YES;
				CLANG_WARN_OBJC_ROOT_CLASS = YES_ERROR;
				CLANG_WARN_RANGE_LOOP_ANALYSIS = YES;
				CLANG_WARN_STRICT_PROTOTYPES = YES;
				CLANG_WARN_SUSPICIOUS_MOVE = YES;
				CLANG_WARN_UNGUARDED_AVAILABILITY = YES_AGGRESSIVE;
				CLANG_WARN_UNREACHABLE_CODE = YES;
				CLANG_WARN__DUPLICATE_METHOD_MATCH = YES;
				COPY_PHASE_STRIP = NO;
				DEBUG_INFORMATION_FORMAT = "dwarf-with-dsym";
				ENABLE_NS_ASSERTIONS = NO;
				ENABLE_STRICT_OBJC_MSGSEND = YES;
				GCC_C_LANGUAGE_STANDARD = gnu11;
				GCC_NO_COMMON_BLOCKS = YES;
				GCC_WARN_64_TO_32_BIT_CONVERSION = YES;
				GCC_WARN_ABOUT_RETURN_TYPE = YES_ERROR;
				GCC_WARN_UNDECLARED_SELECTOR = YES;
				GCC_WARN_UNINITIALIZED_AUTOS = YES_AGGRESSIVE;
				GCC_WARN_UNUSED_FUNCTION = YES;
				GCC_WARN_UNUSED_VARIABLE = YES;
				IPHONEOS_DEPLOYMENT_TARGET = 13.5;
				MTL_ENABLE_DEBUG_INFO = NO;
				MTL_FAST_MATH = YES;
				SDKROOT = iphoneos;
				SWIFT_COMPILATION_MODE = wholemodule;
				SWIFT_OPTIMIZATION_LEVEL = "-O";
				VALIDATE_PRODUCT = YES;
			};
			name = Release;
		};
		1A89B509247E9B6700941A3D /* Debug */ = {
			isa = XCBuildConfiguration;
			buildSettings = {
				ASSETCATALOG_COMPILER_APPICON_NAME = AppIcon;
				CODE_SIGN_STYLE = Automatic;
				DEVELOPMENT_ASSET_PATHS = "\"CustomNavBar_SegmentContol/Preview Content\"";
				ENABLE_PREVIEWS = YES;
				INFOPLIST_FILE = CustomNavBar_SegmentContol/Info.plist;
				LD_RUNPATH_SEARCH_PATHS = (
					"$(inherited)",
					"@executable_path/Frameworks",
				);
				PRODUCT_BUNDLE_IDENTIFIER = "SegmentContol.CustomNavBar-SegmentContol";
				PRODUCT_NAME = "$(TARGET_NAME)";
				SWIFT_VERSION = 5.0;
				TARGETED_DEVICE_FAMILY = "1,2";
			};
			name = Debug;
		};
		1A89B50A247E9B6700941A3D /* Release */ = {
			isa = XCBuildConfiguration;
			buildSettings = {
				ASSETCATALOG_COMPILER_APPICON_NAME = AppIcon;
				CODE_SIGN_STYLE = Automatic;
				DEVELOPMENT_ASSET_PATHS = "\"CustomNavBar_SegmentContol/Preview Content\"";
				ENABLE_PREVIEWS = YES;
				INFOPLIST_FILE = CustomNavBar_SegmentContol/Info.plist;
				LD_RUNPATH_SEARCH_PATHS = (
					"$(inherited)",
					"@executable_path/Frameworks",
				);
				PRODUCT_BUNDLE_IDENTIFIER = "SegmentContol.CustomNavBar-SegmentContol";
				PRODUCT_NAME = "$(TARGET_NAME)";
				SWIFT_VERSION = 5.0;
				TARGETED_DEVICE_FAMILY = "1,2";
			};
			name = Release;
		};
/* End XCBuildConfiguration section */

/* Begin XCConfigurationList section */
		1A89B4EF247E9B6600941A3D /* Build configuration list for PBXProject "CustomNavBar_SegmentContol" */ = {
			isa = XCConfigurationList;
			buildConfigurations = (
				1A89B506247E9B6700941A3D /* Debug */,
				1A89B507247E9B6700941A3D /* Release */,
			);
			defaultConfigurationIsVisible = 0;
			defaultConfigurationName = Release;
		};
		1A89B508247E9B6700941A3D /* Build configuration list for PBXNativeTarget "CustomNavBar_SegmentContol" */ = {
			isa = XCConfigurationList;
			buildConfigurations = (
				1A89B509247E9B6700941A3D /* Debug */,
				1A89B50A247E9B6700941A3D /* Release */,
			);
			defaultConfigurationIsVisible = 0;
			defaultConfigurationName = Release;
		};
/* End XCConfigurationList section */
	};
	rootObject = 1A89B4EC247E9B6600941A3D /* Project object */;
}
